// !$*UTF8*$!
{
	archiveVersion = 1;
	classes = {
	};
	objectVersion = 55;
	objects = {

/* Begin PBXBuildFile section */
		A7124C2028B15921000128F9 /* LoginView.swift in Sources */ = {isa = PBXBuildFile; fileRef = A7124C1F28B15921000128F9 /* LoginView.swift */; };
		A7124C2128B15921000128F9 /* LoginView.swift in Sources */ = {isa = PBXBuildFile; fileRef = A7124C1F28B15921000128F9 /* LoginView.swift */; };
		A714A15228ADEFDA009040A3 /* BuildConfiguration.swift in Sources */ = {isa = PBXBuildFile; fileRef = A714A15128ADEFDA009040A3 /* BuildConfiguration.swift */; };
		A714A15328ADEFDA009040A3 /* BuildConfiguration.swift in Sources */ = {isa = PBXBuildFile; fileRef = A714A15128ADEFDA009040A3 /* BuildConfiguration.swift */; };
		A714A15828ADF08D009040A3 /* APIConfiguration.swift in Sources */ = {isa = PBXBuildFile; fileRef = A714A15728ADF08D009040A3 /* APIConfiguration.swift */; };
		A714A15928ADF08D009040A3 /* APIConfiguration.swift in Sources */ = {isa = PBXBuildFile; fileRef = A714A15728ADF08D009040A3 /* APIConfiguration.swift */; };
		A73BCB6728AD0860003AB2DC /* Tests_iOS.swift in Sources */ = {isa = PBXBuildFile; fileRef = A73BCB6628AD0860003AB2DC /* Tests_iOS.swift */; };
		A73BCB6928AD0860003AB2DC /* Tests_iOSLaunchTests.swift in Sources */ = {isa = PBXBuildFile; fileRef = A73BCB6828AD0860003AB2DC /* Tests_iOSLaunchTests.swift */; };
		A73BCB7328AD0860003AB2DC /* Tests_macOS.swift in Sources */ = {isa = PBXBuildFile; fileRef = A73BCB7228AD0860003AB2DC /* Tests_macOS.swift */; };
		A73BCB7528AD0860003AB2DC /* Tests_macOSLaunchTests.swift in Sources */ = {isa = PBXBuildFile; fileRef = A73BCB7428AD0860003AB2DC /* Tests_macOSLaunchTests.swift */; };
		A73BCB7628AD0860003AB2DC /* GPlayApp.swift in Sources */ = {isa = PBXBuildFile; fileRef = A73BCB4E28AD0860003AB2DC /* GPlayApp.swift */; };
		A73BCB7728AD0860003AB2DC /* GPlayApp.swift in Sources */ = {isa = PBXBuildFile; fileRef = A73BCB4E28AD0860003AB2DC /* GPlayApp.swift */; };
		A73BCB7A28AD0860003AB2DC /* Assets.xcassets in Resources */ = {isa = PBXBuildFile; fileRef = A73BCB5028AD0860003AB2DC /* Assets.xcassets */; };
		A73BCB7B28AD0860003AB2DC /* Assets.xcassets in Resources */ = {isa = PBXBuildFile; fileRef = A73BCB5028AD0860003AB2DC /* Assets.xcassets */; };
		A76142FB28B6665F001A3E20 /* KMPNativeCoroutinesAsync in Frameworks */ = {isa = PBXBuildFile; productRef = A76142FA28B6665F001A3E20 /* KMPNativeCoroutinesAsync */; };
		A77B016528B2AFBA00A32221 /* ValidationExtensions.swift in Sources */ = {isa = PBXBuildFile; fileRef = A77B016428B2AFBA00A32221 /* ValidationExtensions.swift */; };
		A77B016628B2AFBA00A32221 /* ValidationExtensions.swift in Sources */ = {isa = PBXBuildFile; fileRef = A77B016428B2AFBA00A32221 /* ValidationExtensions.swift */; };
		A77B016D28B2B08A00A32221 /* HomeView.swift in Sources */ = {isa = PBXBuildFile; fileRef = A77B016C28B2B08A00A32221 /* HomeView.swift */; };
		A77B016E28B2B08A00A32221 /* HomeView.swift in Sources */ = {isa = PBXBuildFile; fileRef = A77B016C28B2B08A00A32221 /* HomeView.swift */; };
		A77B017128B2B87700A32221 /* LoadMoreView.swift in Sources */ = {isa = PBXBuildFile; fileRef = A77B017028B2B87700A32221 /* LoadMoreView.swift */; };
		A77B017228B2B87700A32221 /* LoadMoreView.swift in Sources */ = {isa = PBXBuildFile; fileRef = A77B017028B2B87700A32221 /* LoadMoreView.swift */; };
		A77B017428B2B89B00A32221 /* ErrorView.swift in Sources */ = {isa = PBXBuildFile; fileRef = A77B017328B2B89B00A32221 /* ErrorView.swift */; };
		A77B017528B2B89B00A32221 /* ErrorView.swift in Sources */ = {isa = PBXBuildFile; fileRef = A77B017328B2B89B00A32221 /* ErrorView.swift */; };
		A77B017728B2B9EE00A32221 /* ArticleItem.swift in Sources */ = {isa = PBXBuildFile; fileRef = A77B017628B2B9EE00A32221 /* ArticleItem.swift */; };
		A77B017828B2B9EE00A32221 /* ArticleItem.swift in Sources */ = {isa = PBXBuildFile; fileRef = A77B017628B2B9EE00A32221 /* ArticleItem.swift */; };
		A77B017B28B2BF4C00A32221 /* Lottie in Frameworks */ = {isa = PBXBuildFile; productRef = A77B017A28B2BF4C00A32221 /* Lottie */; };
		A77B017D28B2BF6400A32221 /* LottieView.swift in Sources */ = {isa = PBXBuildFile; fileRef = A77B017C28B2BF6400A32221 /* LottieView.swift */; };
		A77B017E28B2BF6400A32221 /* LottieView.swift in Sources */ = {isa = PBXBuildFile; fileRef = A77B017C28B2BF6400A32221 /* LottieView.swift */; };
		A7810DD428AF9D6100FE330E /* AppDelegate.swift in Sources */ = {isa = PBXBuildFile; fileRef = A7810DD328AF9D6100FE330E /* AppDelegate.swift */; };
		A7810DD528AF9D6100FE330E /* AppDelegate.swift in Sources */ = {isa = PBXBuildFile; fileRef = A7810DD328AF9D6100FE330E /* AppDelegate.swift */; };
		A7C4E64D28B3EF4E00CB35AD /* FlowStacks in Frameworks */ = {isa = PBXBuildFile; productRef = A7C4E64C28B3EF4E00CB35AD /* FlowStacks */; };
		A7C4E65C28B3F7DA00CB35AD /* AppCoordinator.swift in Sources */ = {isa = PBXBuildFile; fileRef = A7C4E65B28B3F7DA00CB35AD /* AppCoordinator.swift */; };
		A7C4E65D28B3F7DA00CB35AD /* AppCoordinator.swift in Sources */ = {isa = PBXBuildFile; fileRef = A7C4E65B28B3F7DA00CB35AD /* AppCoordinator.swift */; };
/* End PBXBuildFile section */

/* Begin PBXContainerItemProxy section */
		A73BCB6328AD0860003AB2DC /* PBXContainerItemProxy */ = {
			isa = PBXContainerItemProxy;
			containerPortal = A73BCB4928AD085F003AB2DC /* Project object */;
			proxyType = 1;
			remoteGlobalIDString = A73BCB5428AD0860003AB2DC;
			remoteInfo = "GPlay (iOS)";
		};
		A73BCB6F28AD0860003AB2DC /* PBXContainerItemProxy */ = {
			isa = PBXContainerItemProxy;
			containerPortal = A73BCB4928AD085F003AB2DC /* Project object */;
			proxyType = 1;
			remoteGlobalIDString = A73BCB5A28AD0860003AB2DC;
			remoteInfo = "GPlay (macOS)";
		};
/* End PBXContainerItemProxy section */

/* Begin PBXFileReference section */
		A7124C1F28B15921000128F9 /* LoginView.swift */ = {isa = PBXFileReference; lastKnownFileType = sourcecode.swift; path = LoginView.swift; sourceTree = "<group>"; };
		A714A14728ADEADD009040A3 /* GPlay--iOS--Info.plist */ = {isa = PBXFileReference; lastKnownFileType = text.plist; path = "GPlay--iOS--Info.plist"; sourceTree = "<group>"; };
		A714A14828ADEAFD009040A3 /* GPlay--macOS--Info.plist */ = {isa = PBXFileReference; lastKnownFileType = text.plist; path = "GPlay--macOS--Info.plist"; sourceTree = "<group>"; };
		A714A15128ADEFDA009040A3 /* BuildConfiguration.swift */ = {isa = PBXFileReference; lastKnownFileType = sourcecode.swift; path = BuildConfiguration.swift; sourceTree = "<group>"; };
		A714A15728ADF08D009040A3 /* APIConfiguration.swift */ = {isa = PBXFileReference; lastKnownFileType = sourcecode.swift; path = APIConfiguration.swift; sourceTree = "<group>"; };
		A73BCB4E28AD0860003AB2DC /* GPlayApp.swift */ = {isa = PBXFileReference; lastKnownFileType = sourcecode.swift; path = GPlayApp.swift; sourceTree = "<group>"; };
		A73BCB5028AD0860003AB2DC /* Assets.xcassets */ = {isa = PBXFileReference; lastKnownFileType = folder.assetcatalog; path = Assets.xcassets; sourceTree = "<group>"; };
		A73BCB5528AD0860003AB2DC /* GPlay.app */ = {isa = PBXFileReference; explicitFileType = wrapper.application; includeInIndex = 0; path = GPlay.app; sourceTree = BUILT_PRODUCTS_DIR; };
		A73BCB5B28AD0860003AB2DC /* GPlay.app */ = {isa = PBXFileReference; explicitFileType = wrapper.application; includeInIndex = 0; path = GPlay.app; sourceTree = BUILT_PRODUCTS_DIR; };
		A73BCB5D28AD0860003AB2DC /* macOS.entitlements */ = {isa = PBXFileReference; lastKnownFileType = text.plist.entitlements; path = macOS.entitlements; sourceTree = "<group>"; };
		A73BCB6228AD0860003AB2DC /* Tests iOS.xctest */ = {isa = PBXFileReference; explicitFileType = wrapper.cfbundle; includeInIndex = 0; path = "Tests iOS.xctest"; sourceTree = BUILT_PRODUCTS_DIR; };
		A73BCB6628AD0860003AB2DC /* Tests_iOS.swift */ = {isa = PBXFileReference; lastKnownFileType = sourcecode.swift; path = Tests_iOS.swift; sourceTree = "<group>"; };
		A73BCB6828AD0860003AB2DC /* Tests_iOSLaunchTests.swift */ = {isa = PBXFileReference; lastKnownFileType = sourcecode.swift; path = Tests_iOSLaunchTests.swift; sourceTree = "<group>"; };
		A73BCB6E28AD0860003AB2DC /* Tests macOS.xctest */ = {isa = PBXFileReference; explicitFileType = wrapper.cfbundle; includeInIndex = 0; path = "Tests macOS.xctest"; sourceTree = BUILT_PRODUCTS_DIR; };
		A73BCB7228AD0860003AB2DC /* Tests_macOS.swift */ = {isa = PBXFileReference; lastKnownFileType = sourcecode.swift; path = Tests_macOS.swift; sourceTree = "<group>"; };
		A73BCB7428AD0860003AB2DC /* Tests_macOSLaunchTests.swift */ = {isa = PBXFileReference; lastKnownFileType = sourcecode.swift; path = Tests_macOSLaunchTests.swift; sourceTree = "<group>"; };
		A77B016428B2AFBA00A32221 /* ValidationExtensions.swift */ = {isa = PBXFileReference; lastKnownFileType = sourcecode.swift; path = ValidationExtensions.swift; sourceTree = "<group>"; };
		A77B016C28B2B08A00A32221 /* HomeView.swift */ = {isa = PBXFileReference; lastKnownFileType = sourcecode.swift; path = HomeView.swift; sourceTree = "<group>"; };
		A77B017028B2B87700A32221 /* LoadMoreView.swift */ = {isa = PBXFileReference; lastKnownFileType = sourcecode.swift; path = LoadMoreView.swift; sourceTree = "<group>"; };
		A77B017328B2B89B00A32221 /* ErrorView.swift */ = {isa = PBXFileReference; lastKnownFileType = sourcecode.swift; path = ErrorView.swift; sourceTree = "<group>"; };
		A77B017628B2B9EE00A32221 /* ArticleItem.swift */ = {isa = PBXFileReference; lastKnownFileType = sourcecode.swift; path = ArticleItem.swift; sourceTree = "<group>"; };
		A77B017C28B2BF6400A32221 /* LottieView.swift */ = {isa = PBXFileReference; lastKnownFileType = sourcecode.swift; path = LottieView.swift; sourceTree = "<group>"; };
		A7810DD328AF9D6100FE330E /* AppDelegate.swift */ = {isa = PBXFileReference; lastKnownFileType = sourcecode.swift; path = AppDelegate.swift; sourceTree = "<group>"; };
		A7C4E65B28B3F7DA00CB35AD /* AppCoordinator.swift */ = {isa = PBXFileReference; lastKnownFileType = sourcecode.swift; path = AppCoordinator.swift; sourceTree = "<group>"; };
/* End PBXFileReference section */

/* Begin PBXFrameworksBuildPhase section */
		A73BCB5228AD0860003AB2DC /* Frameworks */ = {
			isa = PBXFrameworksBuildPhase;
			buildActionMask = 2147483647;
			files = (
				A77B017B28B2BF4C00A32221 /* Lottie in Frameworks */,
				A7C4E64D28B3EF4E00CB35AD /* FlowStacks in Frameworks */,
				A76142FB28B6665F001A3E20 /* KMPNativeCoroutinesAsync in Frameworks */,
			);
			runOnlyForDeploymentPostprocessing = 0;
		};
		A73BCB5828AD0860003AB2DC /* Frameworks */ = {
			isa = PBXFrameworksBuildPhase;
			buildActionMask = 2147483647;
			files = (
			);
			runOnlyForDeploymentPostprocessing = 0;
		};
		A73BCB5F28AD0860003AB2DC /* Frameworks */ = {
			isa = PBXFrameworksBuildPhase;
			buildActionMask = 2147483647;
			files = (
			);
			runOnlyForDeploymentPostprocessing = 0;
		};
		A73BCB6B28AD0860003AB2DC /* Frameworks */ = {
			isa = PBXFrameworksBuildPhase;
			buildActionMask = 2147483647;
			files = (
			);
			runOnlyForDeploymentPostprocessing = 0;
		};
/* End PBXFrameworksBuildPhase section */

/* Begin PBXGroup section */
		A7124C1928B157A3000128F9 /* Utils */ = {
			isa = PBXGroup;
			children = (
				A77B016428B2AFBA00A32221 /* ValidationExtensions.swift */,
			);
			path = Utils;
			sourceTree = "<group>";
		};
		A7124C1D28B1590B000128F9 /* Features */ = {
			isa = PBXGroup;
			children = (
				A7124C1E28B15912000128F9 /* Login */,
				A77B016B28B2B07800A32221 /* Home */,
			);
			path = Features;
			sourceTree = "<group>";
		};
		A7124C1E28B15912000128F9 /* Login */ = {
			isa = PBXGroup;
			children = (
				A7124C1F28B15921000128F9 /* LoginView.swift */,
			);
			path = Login;
			sourceTree = "<group>";
		};
		A714A14A28ADED13009040A3 /* Configuration */ = {
			isa = PBXGroup;
			children = (
				A714A15128ADEFDA009040A3 /* BuildConfiguration.swift */,
				A714A15728ADF08D009040A3 /* APIConfiguration.swift */,
			);
			path = Configuration;
			sourceTree = "<group>";
		};
		A73BCB4828AD085F003AB2DC = {
			isa = PBXGroup;
			children = (
				A714A14828ADEAFD009040A3 /* GPlay--macOS--Info.plist */,
				A714A14728ADEADD009040A3 /* GPlay--iOS--Info.plist */,
				A714A14A28ADED13009040A3 /* Configuration */,
				A73BCB4D28AD0860003AB2DC /* Shared */,
				A73BCB5C28AD0860003AB2DC /* macOS */,
				A73BCB6528AD0860003AB2DC /* Tests iOS */,
				A73BCB7128AD0860003AB2DC /* Tests macOS */,
				A73BCB5628AD0860003AB2DC /* Products */,
			);
			sourceTree = "<group>";
		};
		A73BCB4D28AD0860003AB2DC /* Shared */ = {
			isa = PBXGroup;
			children = (
				A77B016F28B2B85700A32221 /* Components */,
				A7124C1D28B1590B000128F9 /* Features */,
				A7D7BDBE28B1084F00CE30DA /* Resources */,
				A7124C1928B157A3000128F9 /* Utils */,
				A73BCB4E28AD0860003AB2DC /* GPlayApp.swift */,
				A7810DD328AF9D6100FE330E /* AppDelegate.swift */,
				A7C4E65B28B3F7DA00CB35AD /* AppCoordinator.swift */,
			);
			path = Shared;
			sourceTree = "<group>";
		};
		A73BCB5628AD0860003AB2DC /* Products */ = {
			isa = PBXGroup;
			children = (
				A73BCB5528AD0860003AB2DC /* GPlay.app */,
				A73BCB5B28AD0860003AB2DC /* GPlay.app */,
				A73BCB6228AD0860003AB2DC /* Tests iOS.xctest */,
				A73BCB6E28AD0860003AB2DC /* Tests macOS.xctest */,
			);
			name = Products;
			sourceTree = "<group>";
		};
		A73BCB5C28AD0860003AB2DC /* macOS */ = {
			isa = PBXGroup;
			children = (
				A73BCB5D28AD0860003AB2DC /* macOS.entitlements */,
			);
			path = macOS;
			sourceTree = "<group>";
		};
		A73BCB6528AD0860003AB2DC /* Tests iOS */ = {
			isa = PBXGroup;
			children = (
				A73BCB6628AD0860003AB2DC /* Tests_iOS.swift */,
				A73BCB6828AD0860003AB2DC /* Tests_iOSLaunchTests.swift */,
			);
			path = "Tests iOS";
			sourceTree = "<group>";
		};
		A73BCB7128AD0860003AB2DC /* Tests macOS */ = {
			isa = PBXGroup;
			children = (
				A73BCB7228AD0860003AB2DC /* Tests_macOS.swift */,
				A73BCB7428AD0860003AB2DC /* Tests_macOSLaunchTests.swift */,
			);
			path = "Tests macOS";
			sourceTree = "<group>";
		};
		A77B016B28B2B07800A32221 /* Home */ = {
			isa = PBXGroup;
			children = (
				A77B016C28B2B08A00A32221 /* HomeView.swift */,
				A77B017628B2B9EE00A32221 /* ArticleItem.swift */,
			);
			path = Home;
			sourceTree = "<group>";
		};
		A77B016F28B2B85700A32221 /* Components */ = {
			isa = PBXGroup;
			children = (
				A77B017028B2B87700A32221 /* LoadMoreView.swift */,
				A77B017328B2B89B00A32221 /* ErrorView.swift */,
				A77B017C28B2BF6400A32221 /* LottieView.swift */,
			);
			path = Components;
			sourceTree = "<group>";
		};
		A7D7BDBE28B1084F00CE30DA /* Resources */ = {
			isa = PBXGroup;
			children = (
				A73BCB5028AD0860003AB2DC /* Assets.xcassets */,
			);
			path = Resources;
			sourceTree = "<group>";
		};
/* End PBXGroup section */

/* Begin PBXNativeTarget section */
		A73BCB5428AD0860003AB2DC /* GPlay (iOS) */ = {
			isa = PBXNativeTarget;
			buildConfigurationList = A73BCB7E28AD0860003AB2DC /* Build configuration list for PBXNativeTarget "GPlay (iOS)" */;
			buildPhases = (
				A7810DD128AF98DA00FE330E /* ShellScript */,
				A73BCB5128AD0860003AB2DC /* Sources */,
				A73BCB5228AD0860003AB2DC /* Frameworks */,
				A73BCB5328AD0860003AB2DC /* Resources */,
			);
			buildRules = (
			);
			dependencies = (
			);
			name = "GPlay (iOS)";
			packageProductDependencies = (
				A77B017A28B2BF4C00A32221 /* Lottie */,
				A7C4E64C28B3EF4E00CB35AD /* FlowStacks */,
				A76142FA28B6665F001A3E20 /* KMPNativeCoroutinesAsync */,
			);
			productName = "GPlay (iOS)";
			productReference = A73BCB5528AD0860003AB2DC /* GPlay.app */;
			productType = "com.apple.product-type.application";
		};
		A73BCB5A28AD0860003AB2DC /* GPlay (macOS) */ = {
			isa = PBXNativeTarget;
			buildConfigurationList = A73BCB8128AD0860003AB2DC /* Build configuration list for PBXNativeTarget "GPlay (macOS)" */;
			buildPhases = (
				A7810DD228AF990500FE330E /* ShellScript */,
				A73BCB5728AD0860003AB2DC /* Sources */,
				A73BCB5828AD0860003AB2DC /* Frameworks */,
				A73BCB5928AD0860003AB2DC /* Resources */,
			);
			buildRules = (
			);
			dependencies = (
			);
			name = "GPlay (macOS)";
			productName = "GPlay (macOS)";
			productReference = A73BCB5B28AD0860003AB2DC /* GPlay.app */;
			productType = "com.apple.product-type.application";
		};
		A73BCB6128AD0860003AB2DC /* Tests iOS */ = {
			isa = PBXNativeTarget;
			buildConfigurationList = A73BCB8428AD0860003AB2DC /* Build configuration list for PBXNativeTarget "Tests iOS" */;
			buildPhases = (
				A73BCB5E28AD0860003AB2DC /* Sources */,
				A73BCB5F28AD0860003AB2DC /* Frameworks */,
				A73BCB6028AD0860003AB2DC /* Resources */,
			);
			buildRules = (
			);
			dependencies = (
				A73BCB6428AD0860003AB2DC /* PBXTargetDependency */,
			);
			name = "Tests iOS";
			productName = "Tests iOS";
			productReference = A73BCB6228AD0860003AB2DC /* Tests iOS.xctest */;
			productType = "com.apple.product-type.bundle.ui-testing";
		};
		A73BCB6D28AD0860003AB2DC /* Tests macOS */ = {
			isa = PBXNativeTarget;
			buildConfigurationList = A73BCB8728AD0860003AB2DC /* Build configuration list for PBXNativeTarget "Tests macOS" */;
			buildPhases = (
				A73BCB6A28AD0860003AB2DC /* Sources */,
				A73BCB6B28AD0860003AB2DC /* Frameworks */,
				A73BCB6C28AD0860003AB2DC /* Resources */,
			);
			buildRules = (
			);
			dependencies = (
				A73BCB7028AD0860003AB2DC /* PBXTargetDependency */,
			);
			name = "Tests macOS";
			productName = "Tests macOS";
			productReference = A73BCB6E28AD0860003AB2DC /* Tests macOS.xctest */;
			productType = "com.apple.product-type.bundle.ui-testing";
		};
/* End PBXNativeTarget section */

/* Begin PBXProject section */
		A73BCB4928AD085F003AB2DC /* Project object */ = {
			isa = PBXProject;
			attributes = {
				BuildIndependentTargetsInParallel = 1;
				LastSwiftUpdateCheck = 1340;
				LastUpgradeCheck = 1340;
				TargetAttributes = {
					A73BCB5428AD0860003AB2DC = {
						CreatedOnToolsVersion = 13.4.1;
					};
					A73BCB5A28AD0860003AB2DC = {
						CreatedOnToolsVersion = 13.4.1;
					};
					A73BCB6128AD0860003AB2DC = {
						CreatedOnToolsVersion = 13.4.1;
						TestTargetID = A73BCB5428AD0860003AB2DC;
					};
					A73BCB6D28AD0860003AB2DC = {
						CreatedOnToolsVersion = 13.4.1;
						TestTargetID = A73BCB5A28AD0860003AB2DC;
					};
				};
			};
			buildConfigurationList = A73BCB4C28AD085F003AB2DC /* Build configuration list for PBXProject "GPlay" */;
			compatibilityVersion = "Xcode 13.0";
			developmentRegion = en;
			hasScannedForEncodings = 0;
			knownRegions = (
				en,
				Base,
			);
			mainGroup = A73BCB4828AD085F003AB2DC;
			packageReferences = (
				A77B017928B2BF4C00A32221 /* XCRemoteSwiftPackageReference "lottie-ios" */,
				A7C4E64B28B3EF4E00CB35AD /* XCRemoteSwiftPackageReference "FlowStacks" */,
				A76142F928B6665F001A3E20 /* XCRemoteSwiftPackageReference "KMP-NativeCoroutines" */,
			);
			productRefGroup = A73BCB5628AD0860003AB2DC /* Products */;
			projectDirPath = "";
			projectRoot = "";
			targets = (
				A73BCB5428AD0860003AB2DC /* GPlay (iOS) */,
				A73BCB5A28AD0860003AB2DC /* GPlay (macOS) */,
				A73BCB6128AD0860003AB2DC /* Tests iOS */,
				A73BCB6D28AD0860003AB2DC /* Tests macOS */,
			);
		};
/* End PBXProject section */

/* Begin PBXResourcesBuildPhase section */
		A73BCB5328AD0860003AB2DC /* Resources */ = {
			isa = PBXResourcesBuildPhase;
			buildActionMask = 2147483647;
			files = (
				A73BCB7A28AD0860003AB2DC /* Assets.xcassets in Resources */,
			);
			runOnlyForDeploymentPostprocessing = 0;
		};
		A73BCB5928AD0860003AB2DC /* Resources */ = {
			isa = PBXResourcesBuildPhase;
			buildActionMask = 2147483647;
			files = (
				A73BCB7B28AD0860003AB2DC /* Assets.xcassets in Resources */,
			);
			runOnlyForDeploymentPostprocessing = 0;
		};
		A73BCB6028AD0860003AB2DC /* Resources */ = {
			isa = PBXResourcesBuildPhase;
			buildActionMask = 2147483647;
			files = (
			);
			runOnlyForDeploymentPostprocessing = 0;
		};
		A73BCB6C28AD0860003AB2DC /* Resources */ = {
			isa = PBXResourcesBuildPhase;
			buildActionMask = 2147483647;
			files = (
			);
			runOnlyForDeploymentPostprocessing = 0;
		};
/* End PBXResourcesBuildPhase section */

/* Begin PBXShellScriptBuildPhase section */
		A7810DD128AF98DA00FE330E /* ShellScript */ = {
			isa = PBXShellScriptBuildPhase;
			buildActionMask = 2147483647;
			files = (
			);
			inputFileListPaths = (
			);
			inputPaths = (
			);
			outputFileListPaths = (
			);
			outputPaths = (
			);
			runOnlyForDeploymentPostprocessing = 0;
			shellPath = /bin/sh;
			shellScript = "cd \"$SRCROOT/..\"\n./gradlew :shared:common:embedAndSignAppleFrameworkForXcode\n";
		};
		A7810DD228AF990500FE330E /* ShellScript */ = {
			isa = PBXShellScriptBuildPhase;
			buildActionMask = 2147483647;
			files = (
			);
			inputFileListPaths = (
			);
			inputPaths = (
			);
			outputFileListPaths = (
			);
			outputPaths = (
			);
			runOnlyForDeploymentPostprocessing = 0;
			shellPath = /bin/sh;
			shellScript = "cd \"$SRCROOT/..\"\n./gradlew :shared:common:embedAndSignAppleFrameworkForXcode\n";
		};
/* End PBXShellScriptBuildPhase section */

/* Begin PBXSourcesBuildPhase section */
		A73BCB5128AD0860003AB2DC /* Sources */ = {
			isa = PBXSourcesBuildPhase;
			buildActionMask = 2147483647;
			files = (
				A77B016D28B2B08A00A32221 /* HomeView.swift in Sources */,
				A7C4E65C28B3F7DA00CB35AD /* AppCoordinator.swift in Sources */,
				A77B016528B2AFBA00A32221 /* ValidationExtensions.swift in Sources */,
				A77B017128B2B87700A32221 /* LoadMoreView.swift in Sources */,
				A7124C2028B15921000128F9 /* LoginView.swift in Sources */,
				A714A15228ADEFDA009040A3 /* BuildConfiguration.swift in Sources */,
				A73BCB7628AD0860003AB2DC /* GPlayApp.swift in Sources */,
				A77B017D28B2BF6400A32221 /* LottieView.swift in Sources */,
				A7810DD428AF9D6100FE330E /* AppDelegate.swift in Sources */,
				A714A15828ADF08D009040A3 /* APIConfiguration.swift in Sources */,
				A77B017428B2B89B00A32221 /* ErrorView.swift in Sources */,
				A77B017728B2B9EE00A32221 /* ArticleItem.swift in Sources */,
			);
			runOnlyForDeploymentPostprocessing = 0;
		};
		A73BCB5728AD0860003AB2DC /* Sources */ = {
			isa = PBXSourcesBuildPhase;
			buildActionMask = 2147483647;
			files = (
				A77B016E28B2B08A00A32221 /* HomeView.swift in Sources */,
				A7C4E65D28B3F7DA00CB35AD /* AppCoordinator.swift in Sources */,
				A77B016628B2AFBA00A32221 /* ValidationExtensions.swift in Sources */,
				A77B017228B2B87700A32221 /* LoadMoreView.swift in Sources */,
				A7124C2128B15921000128F9 /* LoginView.swift in Sources */,
				A714A15328ADEFDA009040A3 /* BuildConfiguration.swift in Sources */,
				A73BCB7728AD0860003AB2DC /* GPlayApp.swift in Sources */,
				A77B017E28B2BF6400A32221 /* LottieView.swift in Sources */,
				A7810DD528AF9D6100FE330E /* AppDelegate.swift in Sources */,
				A714A15928ADF08D009040A3 /* APIConfiguration.swift in Sources */,
				A77B017528B2B89B00A32221 /* ErrorView.swift in Sources */,
				A77B017828B2B9EE00A32221 /* ArticleItem.swift in Sources */,
			);
			runOnlyForDeploymentPostprocessing = 0;
		};
		A73BCB5E28AD0860003AB2DC /* Sources */ = {
			isa = PBXSourcesBuildPhase;
			buildActionMask = 2147483647;
			files = (
				A73BCB6928AD0860003AB2DC /* Tests_iOSLaunchTests.swift in Sources */,
				A73BCB6728AD0860003AB2DC /* Tests_iOS.swift in Sources */,
			);
			runOnlyForDeploymentPostprocessing = 0;
		};
		A73BCB6A28AD0860003AB2DC /* Sources */ = {
			isa = PBXSourcesBuildPhase;
			buildActionMask = 2147483647;
			files = (
				A73BCB7528AD0860003AB2DC /* Tests_macOSLaunchTests.swift in Sources */,
				A73BCB7328AD0860003AB2DC /* Tests_macOS.swift in Sources */,
			);
			runOnlyForDeploymentPostprocessing = 0;
		};
/* End PBXSourcesBuildPhase section */

/* Begin PBXTargetDependency section */
		A73BCB6428AD0860003AB2DC /* PBXTargetDependency */ = {
			isa = PBXTargetDependency;
			target = A73BCB5428AD0860003AB2DC /* GPlay (iOS) */;
			targetProxy = A73BCB6328AD0860003AB2DC /* PBXContainerItemProxy */;
		};
		A73BCB7028AD0860003AB2DC /* PBXTargetDependency */ = {
			isa = PBXTargetDependency;
			target = A73BCB5A28AD0860003AB2DC /* GPlay (macOS) */;
			targetProxy = A73BCB6F28AD0860003AB2DC /* PBXContainerItemProxy */;
		};
/* End PBXTargetDependency section */

/* Begin XCBuildConfiguration section */
		A714A13D28ADEA7C009040A3 /* Debug Mock */ = {
			isa = XCBuildConfiguration;
			buildSettings = {
				ALWAYS_SEARCH_USER_PATHS = NO;
				CLANG_ANALYZER_NONNULL = YES;
				CLANG_ANALYZER_NUMBER_OBJECT_CONVERSION = YES_AGGRESSIVE;
				CLANG_CXX_LANGUAGE_STANDARD = "gnu++17";
				CLANG_ENABLE_MODULES = YES;
				CLANG_ENABLE_OBJC_ARC = YES;
				CLANG_ENABLE_OBJC_WEAK = YES;
				CLANG_WARN_BLOCK_CAPTURE_AUTORELEASING = YES;
				CLANG_WARN_BOOL_CONVERSION = YES;
				CLANG_WARN_COMMA = YES;
				CLANG_WARN_CONSTANT_CONVERSION = YES;
				CLANG_WARN_DEPRECATED_OBJC_IMPLEMENTATIONS = YES;
				CLANG_WARN_DIRECT_OBJC_ISA_USAGE = YES_ERROR;
				CLANG_WARN_DOCUMENTATION_COMMENTS = YES;
				CLANG_WARN_EMPTY_BODY = YES;
				CLANG_WARN_ENUM_CONVERSION = YES;
				CLANG_WARN_INFINITE_RECURSION = YES;
				CLANG_WARN_INT_CONVERSION = YES;
				CLANG_WARN_NON_LITERAL_NULL_CONVERSION = YES;
				CLANG_WARN_OBJC_IMPLICIT_RETAIN_SELF = YES;
				CLANG_WARN_OBJC_LITERAL_CONVERSION = YES;
				CLANG_WARN_OBJC_ROOT_CLASS = YES_ERROR;
				CLANG_WARN_QUOTED_INCLUDE_IN_FRAMEWORK_HEADER = YES;
				CLANG_WARN_RANGE_LOOP_ANALYSIS = YES;
				CLANG_WARN_STRICT_PROTOTYPES = YES;
				CLANG_WARN_SUSPICIOUS_MOVE = YES;
				CLANG_WARN_UNGUARDED_AVAILABILITY = YES_AGGRESSIVE;
				CLANG_WARN_UNREACHABLE_CODE = YES;
				CLANG_WARN__DUPLICATE_METHOD_MATCH = YES;
				COPY_PHASE_STRIP = NO;
				DEBUG_INFORMATION_FORMAT = dwarf;
				ENABLE_STRICT_OBJC_MSGSEND = YES;
				ENABLE_TESTABILITY = YES;
				FRAMEWORK_SEARCH_PATHS = "$(SRCROOT)/../shared/common/build/xcode-frameworks/$(CONFIGURATION)/$(SDK_NAME)";
				GCC_C_LANGUAGE_STANDARD = gnu11;
				GCC_DYNAMIC_NO_PIC = NO;
				GCC_NO_COMMON_BLOCKS = YES;
				GCC_OPTIMIZATION_LEVEL = 0;
				GCC_PREPROCESSOR_DEFINITIONS = (
					"DEBUG=1",
					"$(inherited)",
				);
				GCC_WARN_64_TO_32_BIT_CONVERSION = YES;
				GCC_WARN_ABOUT_RETURN_TYPE = YES_ERROR;
				GCC_WARN_UNDECLARED_SELECTOR = YES;
				GCC_WARN_UNINITIALIZED_AUTOS = YES_AGGRESSIVE;
				GCC_WARN_UNUSED_FUNCTION = YES;
				GCC_WARN_UNUSED_VARIABLE = YES;
				KOTLIN_FRAMEWORK_BUILD_TYPE = Debug;
				MTL_ENABLE_DEBUG_INFO = INCLUDE_SOURCE;
				MTL_FAST_MATH = YES;
				ONLY_ACTIVE_ARCH = YES;
				OTHER_LDFLAGS = (
					"$(inherited)",
					"-framework",
					common,
				);
				SWIFT_ACTIVE_COMPILATION_CONDITIONS = DEBUG;
				SWIFT_OPTIMIZATION_LEVEL = "-Onone";
			};
			name = "Debug Mock";
		};
		A714A13E28ADEA7C009040A3 /* Debug Mock */ = {
			isa = XCBuildConfiguration;
			buildSettings = {
				ASSETCATALOG_COMPILER_APPICON_NAME = AppIcon;
				ASSETCATALOG_COMPILER_GLOBAL_ACCENT_COLOR_NAME = AccentColor;
				CODE_SIGN_STYLE = Automatic;
				CURRENT_PROJECT_VERSION = 1;
				DEVELOPMENT_TEAM = Y4FKV2B9CL;
				ENABLE_PREVIEWS = YES;
				GENERATE_INFOPLIST_FILE = YES;
				INFOPLIST_FILE = "GPlay--iOS--Info.plist";
				INFOPLIST_KEY_CFBundleDisplayName = GPlay;
				INFOPLIST_KEY_UIApplicationSceneManifest_Generation = YES;
				INFOPLIST_KEY_UIApplicationSupportsIndirectInputEvents = YES;
				INFOPLIST_KEY_UILaunchScreen_Generation = YES;
				INFOPLIST_KEY_UISupportedInterfaceOrientations_iPad = "UIInterfaceOrientationPortrait UIInterfaceOrientationPortraitUpsideDown UIInterfaceOrientationLandscapeLeft UIInterfaceOrientationLandscapeRight";
				INFOPLIST_KEY_UISupportedInterfaceOrientations_iPhone = "UIInterfaceOrientationPortrait UIInterfaceOrientationLandscapeLeft UIInterfaceOrientationLandscapeRight";
				IPHONEOS_DEPLOYMENT_TARGET = 15.5;
				LD_RUNPATH_SEARCH_PATHS = (
					"$(inherited)",
					"@executable_path/Frameworks",
				);
				MARKETING_VERSION = "1.0.0-alpha01";
				PRODUCT_BUNDLE_IDENTIFIER = com.gplay.app;
				PRODUCT_NAME = GPlay;
				SDKROOT = iphoneos;
				SWIFT_EMIT_LOC_STRINGS = YES;
				SWIFT_VERSION = 5.0;
				TARGETED_DEVICE_FAMILY = "1,2";
			};
			name = "Debug Mock";
		};
		A714A13F28ADEA7C009040A3 /* Debug Mock */ = {
			isa = XCBuildConfiguration;
			buildSettings = {
				ASSETCATALOG_COMPILER_APPICON_NAME = AppIcon;
				ASSETCATALOG_COMPILER_GLOBAL_ACCENT_COLOR_NAME = AccentColor;
				CODE_SIGN_ENTITLEMENTS = macOS/macOS.entitlements;
				CODE_SIGN_STYLE = Automatic;
				COMBINE_HIDPI_IMAGES = YES;
				CURRENT_PROJECT_VERSION = 1;
				DEVELOPMENT_TEAM = Y4FKV2B9CL;
				ENABLE_HARDENED_RUNTIME = YES;
				ENABLE_PREVIEWS = YES;
				GENERATE_INFOPLIST_FILE = YES;
				INFOPLIST_FILE = "GPlay--macOS--Info.plist";
				INFOPLIST_KEY_NSHumanReadableCopyright = "";
				LD_RUNPATH_SEARCH_PATHS = (
					"$(inherited)",
					"@executable_path/../Frameworks",
				);
				MACOSX_DEPLOYMENT_TARGET = 12.3;
				MARKETING_VERSION = "1.0.0-alpha01";
				PRODUCT_BUNDLE_IDENTIFIER = com.gplay.app;
				PRODUCT_NAME = GPlay;
				SDKROOT = macosx;
				SWIFT_EMIT_LOC_STRINGS = YES;
				SWIFT_VERSION = 5.0;
			};
			name = "Debug Mock";
		};
		A714A14028ADEA7C009040A3 /* Debug Mock */ = {
			isa = XCBuildConfiguration;
			buildSettings = {
				ALWAYS_EMBED_SWIFT_STANDARD_LIBRARIES = YES;
				CODE_SIGN_STYLE = Automatic;
				CURRENT_PROJECT_VERSION = 1;
				DEVELOPMENT_TEAM = Y4FKV2B9CL;
				GENERATE_INFOPLIST_FILE = YES;
				IPHONEOS_DEPLOYMENT_TARGET = 15.5;
				MARKETING_VERSION = 1.0;
				PRODUCT_BUNDLE_IDENTIFIER = "com.gplay.Tests-iOS";
				PRODUCT_NAME = "$(TARGET_NAME)";
				SDKROOT = iphoneos;
				SWIFT_EMIT_LOC_STRINGS = NO;
				SWIFT_VERSION = 5.0;
				TARGETED_DEVICE_FAMILY = "1,2";
				TEST_TARGET_NAME = "GPlay (iOS)";
			};
			name = "Debug Mock";
		};
		A714A14128ADEA7C009040A3 /* Debug Mock */ = {
			isa = XCBuildConfiguration;
			buildSettings = {
				ALWAYS_EMBED_SWIFT_STANDARD_LIBRARIES = YES;
				CODE_SIGN_STYLE = Automatic;
				CURRENT_PROJECT_VERSION = 1;
				DEVELOPMENT_TEAM = Y4FKV2B9CL;
				GENERATE_INFOPLIST_FILE = YES;
				MACOSX_DEPLOYMENT_TARGET = 12.3;
				MARKETING_VERSION = 1.0;
				PRODUCT_BUNDLE_IDENTIFIER = "com.gplay.Tests-macOS";
				PRODUCT_NAME = "$(TARGET_NAME)";
				SDKROOT = macosx;
				SWIFT_EMIT_LOC_STRINGS = NO;
				SWIFT_VERSION = 5.0;
				TEST_TARGET_NAME = "GPlay (macOS)";
			};
			name = "Debug Mock";
		};
		A714A14228ADEA83009040A3 /* Release Mock */ = {
			isa = XCBuildConfiguration;
			buildSettings = {
				ALWAYS_SEARCH_USER_PATHS = NO;
				CLANG_ANALYZER_NONNULL = YES;
				CLANG_ANALYZER_NUMBER_OBJECT_CONVERSION = YES_AGGRESSIVE;
				CLANG_CXX_LANGUAGE_STANDARD = "gnu++17";
				CLANG_ENABLE_MODULES = YES;
				CLANG_ENABLE_OBJC_ARC = YES;
				CLANG_ENABLE_OBJC_WEAK = YES;
				CLANG_WARN_BLOCK_CAPTURE_AUTORELEASING = YES;
				CLANG_WARN_BOOL_CONVERSION = YES;
				CLANG_WARN_COMMA = YES;
				CLANG_WARN_CONSTANT_CONVERSION = YES;
				CLANG_WARN_DEPRECATED_OBJC_IMPLEMENTATIONS = YES;
				CLANG_WARN_DIRECT_OBJC_ISA_USAGE = YES_ERROR;
				CLANG_WARN_DOCUMENTATION_COMMENTS = YES;
				CLANG_WARN_EMPTY_BODY = YES;
				CLANG_WARN_ENUM_CONVERSION = YES;
				CLANG_WARN_INFINITE_RECURSION = YES;
				CLANG_WARN_INT_CONVERSION = YES;
				CLANG_WARN_NON_LITERAL_NULL_CONVERSION = YES;
				CLANG_WARN_OBJC_IMPLICIT_RETAIN_SELF = YES;
				CLANG_WARN_OBJC_LITERAL_CONVERSION = YES;
				CLANG_WARN_OBJC_ROOT_CLASS = YES_ERROR;
				CLANG_WARN_QUOTED_INCLUDE_IN_FRAMEWORK_HEADER = YES;
				CLANG_WARN_RANGE_LOOP_ANALYSIS = YES;
				CLANG_WARN_STRICT_PROTOTYPES = YES;
				CLANG_WARN_SUSPICIOUS_MOVE = YES;
				CLANG_WARN_UNGUARDED_AVAILABILITY = YES_AGGRESSIVE;
				CLANG_WARN_UNREACHABLE_CODE = YES;
				CLANG_WARN__DUPLICATE_METHOD_MATCH = YES;
				COPY_PHASE_STRIP = NO;
				DEBUG_INFORMATION_FORMAT = "dwarf-with-dsym";
				ENABLE_NS_ASSERTIONS = NO;
				ENABLE_STRICT_OBJC_MSGSEND = YES;
				FRAMEWORK_SEARCH_PATHS = "$(SRCROOT)/../shared/common/build/xcode-frameworks/$(CONFIGURATION)/$(SDK_NAME)";
				GCC_C_LANGUAGE_STANDARD = gnu11;
				GCC_NO_COMMON_BLOCKS = YES;
				GCC_WARN_64_TO_32_BIT_CONVERSION = YES;
				GCC_WARN_ABOUT_RETURN_TYPE = YES_ERROR;
				GCC_WARN_UNDECLARED_SELECTOR = YES;
				GCC_WARN_UNINITIALIZED_AUTOS = YES_AGGRESSIVE;
				GCC_WARN_UNUSED_FUNCTION = YES;
				GCC_WARN_UNUSED_VARIABLE = YES;
				KOTLIN_FRAMEWORK_BUILD_TYPE = Release;
				MTL_ENABLE_DEBUG_INFO = NO;
				MTL_FAST_MATH = YES;
				OTHER_LDFLAGS = (
					"$(inherited)",
					"-framework",
					common,
				);
				SWIFT_COMPILATION_MODE = wholemodule;
				SWIFT_OPTIMIZATION_LEVEL = "-O";
			};
			name = "Release Mock";
		};
		A714A14328ADEA83009040A3 /* Release Mock */ = {
			isa = XCBuildConfiguration;
			buildSettings = {
				ASSETCATALOG_COMPILER_APPICON_NAME = AppIcon;
				ASSETCATALOG_COMPILER_GLOBAL_ACCENT_COLOR_NAME = AccentColor;
				CODE_SIGN_STYLE = Automatic;
				CURRENT_PROJECT_VERSION = 1;
				DEVELOPMENT_TEAM = Y4FKV2B9CL;
				ENABLE_PREVIEWS = YES;
				GENERATE_INFOPLIST_FILE = YES;
				INFOPLIST_FILE = "GPlay--iOS--Info.plist";
				INFOPLIST_KEY_CFBundleDisplayName = GPlay;
				INFOPLIST_KEY_UIApplicationSceneManifest_Generation = YES;
				INFOPLIST_KEY_UIApplicationSupportsIndirectInputEvents = YES;
				INFOPLIST_KEY_UILaunchScreen_Generation = YES;
				INFOPLIST_KEY_UISupportedInterfaceOrientations_iPad = "UIInterfaceOrientationPortrait UIInterfaceOrientationPortraitUpsideDown UIInterfaceOrientationLandscapeLeft UIInterfaceOrientationLandscapeRight";
				INFOPLIST_KEY_UISupportedInterfaceOrientations_iPhone = "UIInterfaceOrientationPortrait UIInterfaceOrientationLandscapeLeft UIInterfaceOrientationLandscapeRight";
				IPHONEOS_DEPLOYMENT_TARGET = 15.5;
				LD_RUNPATH_SEARCH_PATHS = (
					"$(inherited)",
					"@executable_path/Frameworks",
				);
				MARKETING_VERSION = "1.0.0-alpha01";
				PRODUCT_BUNDLE_IDENTIFIER = com.gplay.app;
				PRODUCT_NAME = GPlay;
				SDKROOT = iphoneos;
				SWIFT_EMIT_LOC_STRINGS = YES;
				SWIFT_VERSION = 5.0;
				TARGETED_DEVICE_FAMILY = "1,2";
				VALIDATE_PRODUCT = YES;
			};
			name = "Release Mock";
		};
		A714A14428ADEA83009040A3 /* Release Mock */ = {
			isa = XCBuildConfiguration;
			buildSettings = {
				ASSETCATALOG_COMPILER_APPICON_NAME = AppIcon;
				ASSETCATALOG_COMPILER_GLOBAL_ACCENT_COLOR_NAME = AccentColor;
				CODE_SIGN_ENTITLEMENTS = macOS/macOS.entitlements;
				CODE_SIGN_STYLE = Automatic;
				COMBINE_HIDPI_IMAGES = YES;
				CURRENT_PROJECT_VERSION = 1;
				DEVELOPMENT_TEAM = Y4FKV2B9CL;
				ENABLE_HARDENED_RUNTIME = YES;
				ENABLE_PREVIEWS = YES;
				GENERATE_INFOPLIST_FILE = YES;
				INFOPLIST_FILE = "GPlay--macOS--Info.plist";
				INFOPLIST_KEY_NSHumanReadableCopyright = "";
				LD_RUNPATH_SEARCH_PATHS = (
					"$(inherited)",
					"@executable_path/../Frameworks",
				);
				MACOSX_DEPLOYMENT_TARGET = 12.3;
				MARKETING_VERSION = "1.0.0-alpha01";
				PRODUCT_BUNDLE_IDENTIFIER = com.gplay.app;
				PRODUCT_NAME = GPlay;
				SDKROOT = macosx;
				SWIFT_EMIT_LOC_STRINGS = YES;
				SWIFT_VERSION = 5.0;
			};
			name = "Release Mock";
		};
		A714A14528ADEA83009040A3 /* Release Mock */ = {
			isa = XCBuildConfiguration;
			buildSettings = {
				ALWAYS_EMBED_SWIFT_STANDARD_LIBRARIES = YES;
				CODE_SIGN_STYLE = Automatic;
				CURRENT_PROJECT_VERSION = 1;
				DEVELOPMENT_TEAM = Y4FKV2B9CL;
				GENERATE_INFOPLIST_FILE = YES;
				IPHONEOS_DEPLOYMENT_TARGET = 15.5;
				MARKETING_VERSION = 1.0;
				PRODUCT_BUNDLE_IDENTIFIER = "com.gplay.Tests-iOS";
				PRODUCT_NAME = "$(TARGET_NAME)";
				SDKROOT = iphoneos;
				SWIFT_EMIT_LOC_STRINGS = NO;
				SWIFT_VERSION = 5.0;
				TARGETED_DEVICE_FAMILY = "1,2";
				TEST_TARGET_NAME = "GPlay (iOS)";
				VALIDATE_PRODUCT = YES;
			};
			name = "Release Mock";
		};
		A714A14628ADEA83009040A3 /* Release Mock */ = {
			isa = XCBuildConfiguration;
			buildSettings = {
				ALWAYS_EMBED_SWIFT_STANDARD_LIBRARIES = YES;
				CODE_SIGN_STYLE = Automatic;
				CURRENT_PROJECT_VERSION = 1;
				DEVELOPMENT_TEAM = Y4FKV2B9CL;
				GENERATE_INFOPLIST_FILE = YES;
				MACOSX_DEPLOYMENT_TARGET = 12.3;
				MARKETING_VERSION = 1.0;
				PRODUCT_BUNDLE_IDENTIFIER = "com.gplay.Tests-macOS";
				PRODUCT_NAME = "$(TARGET_NAME)";
				SDKROOT = macosx;
				SWIFT_EMIT_LOC_STRINGS = NO;
				SWIFT_VERSION = 5.0;
				TEST_TARGET_NAME = "GPlay (macOS)";
			};
			name = "Release Mock";
		};
		A73BCB7C28AD0860003AB2DC /* Debug Development */ = {
			isa = XCBuildConfiguration;
			buildSettings = {
				ALWAYS_SEARCH_USER_PATHS = NO;
				CLANG_ANALYZER_NONNULL = YES;
				CLANG_ANALYZER_NUMBER_OBJECT_CONVERSION = YES_AGGRESSIVE;
				CLANG_CXX_LANGUAGE_STANDARD = "gnu++17";
				CLANG_ENABLE_MODULES = YES;
				CLANG_ENABLE_OBJC_ARC = YES;
				CLANG_ENABLE_OBJC_WEAK = YES;
				CLANG_WARN_BLOCK_CAPTURE_AUTORELEASING = YES;
				CLANG_WARN_BOOL_CONVERSION = YES;
				CLANG_WARN_COMMA = YES;
				CLANG_WARN_CONSTANT_CONVERSION = YES;
				CLANG_WARN_DEPRECATED_OBJC_IMPLEMENTATIONS = YES;
				CLANG_WARN_DIRECT_OBJC_ISA_USAGE = YES_ERROR;
				CLANG_WARN_DOCUMENTATION_COMMENTS = YES;
				CLANG_WARN_EMPTY_BODY = YES;
				CLANG_WARN_ENUM_CONVERSION = YES;
				CLANG_WARN_INFINITE_RECURSION = YES;
				CLANG_WARN_INT_CONVERSION = YES;
				CLANG_WARN_NON_LITERAL_NULL_CONVERSION = YES;
				CLANG_WARN_OBJC_IMPLICIT_RETAIN_SELF = YES;
				CLANG_WARN_OBJC_LITERAL_CONVERSION = YES;
				CLANG_WARN_OBJC_ROOT_CLASS = YES_ERROR;
				CLANG_WARN_QUOTED_INCLUDE_IN_FRAMEWORK_HEADER = YES;
				CLANG_WARN_RANGE_LOOP_ANALYSIS = YES;
				CLANG_WARN_STRICT_PROTOTYPES = YES;
				CLANG_WARN_SUSPICIOUS_MOVE = YES;
				CLANG_WARN_UNGUARDED_AVAILABILITY = YES_AGGRESSIVE;
				CLANG_WARN_UNREACHABLE_CODE = YES;
				CLANG_WARN__DUPLICATE_METHOD_MATCH = YES;
				COPY_PHASE_STRIP = NO;
				DEBUG_INFORMATION_FORMAT = dwarf;
				ENABLE_STRICT_OBJC_MSGSEND = YES;
				ENABLE_TESTABILITY = YES;
				FRAMEWORK_SEARCH_PATHS = "$(SRCROOT)/../shared/common/build/xcode-frameworks/$(CONFIGURATION)/$(SDK_NAME)";
				GCC_C_LANGUAGE_STANDARD = gnu11;
				GCC_DYNAMIC_NO_PIC = NO;
				GCC_NO_COMMON_BLOCKS = YES;
				GCC_OPTIMIZATION_LEVEL = 0;
				GCC_PREPROCESSOR_DEFINITIONS = (
					"DEBUG=1",
					"$(inherited)",
				);
				GCC_WARN_64_TO_32_BIT_CONVERSION = YES;
				GCC_WARN_ABOUT_RETURN_TYPE = YES_ERROR;
				GCC_WARN_UNDECLARED_SELECTOR = YES;
				GCC_WARN_UNINITIALIZED_AUTOS = YES_AGGRESSIVE;
				GCC_WARN_UNUSED_FUNCTION = YES;
				GCC_WARN_UNUSED_VARIABLE = YES;
				KOTLIN_FRAMEWORK_BUILD_TYPE = Debug;
				MTL_ENABLE_DEBUG_INFO = INCLUDE_SOURCE;
				MTL_FAST_MATH = YES;
				ONLY_ACTIVE_ARCH = YES;
				OTHER_LDFLAGS = (
					"$(inherited)",
					"-framework",
					common,
				);
				SWIFT_ACTIVE_COMPILATION_CONDITIONS = DEBUG;
				SWIFT_OPTIMIZATION_LEVEL = "-Onone";
			};
			name = "Debug Development";
		};
		A73BCB7D28AD0860003AB2DC /* Release Development */ = {
			isa = XCBuildConfiguration;
			buildSettings = {
				ALWAYS_SEARCH_USER_PATHS = NO;
				CLANG_ANALYZER_NONNULL = YES;
				CLANG_ANALYZER_NUMBER_OBJECT_CONVERSION = YES_AGGRESSIVE;
				CLANG_CXX_LANGUAGE_STANDARD = "gnu++17";
				CLANG_ENABLE_MODULES = YES;
				CLANG_ENABLE_OBJC_ARC = YES;
				CLANG_ENABLE_OBJC_WEAK = YES;
				CLANG_WARN_BLOCK_CAPTURE_AUTORELEASING = YES;
				CLANG_WARN_BOOL_CONVERSION = YES;
				CLANG_WARN_COMMA = YES;
				CLANG_WARN_CONSTANT_CONVERSION = YES;
				CLANG_WARN_DEPRECATED_OBJC_IMPLEMENTATIONS = YES;
				CLANG_WARN_DIRECT_OBJC_ISA_USAGE = YES_ERROR;
				CLANG_WARN_DOCUMENTATION_COMMENTS = YES;
				CLANG_WARN_EMPTY_BODY = YES;
				CLANG_WARN_ENUM_CONVERSION = YES;
				CLANG_WARN_INFINITE_RECURSION = YES;
				CLANG_WARN_INT_CONVERSION = YES;
				CLANG_WARN_NON_LITERAL_NULL_CONVERSION = YES;
				CLANG_WARN_OBJC_IMPLICIT_RETAIN_SELF = YES;
				CLANG_WARN_OBJC_LITERAL_CONVERSION = YES;
				CLANG_WARN_OBJC_ROOT_CLASS = YES_ERROR;
				CLANG_WARN_QUOTED_INCLUDE_IN_FRAMEWORK_HEADER = YES;
				CLANG_WARN_RANGE_LOOP_ANALYSIS = YES;
				CLANG_WARN_STRICT_PROTOTYPES = YES;
				CLANG_WARN_SUSPICIOUS_MOVE = YES;
				CLANG_WARN_UNGUARDED_AVAILABILITY = YES_AGGRESSIVE;
				CLANG_WARN_UNREACHABLE_CODE = YES;
				CLANG_WARN__DUPLICATE_METHOD_MATCH = YES;
				COPY_PHASE_STRIP = NO;
				DEBUG_INFORMATION_FORMAT = "dwarf-with-dsym";
				ENABLE_NS_ASSERTIONS = NO;
				ENABLE_STRICT_OBJC_MSGSEND = YES;
				FRAMEWORK_SEARCH_PATHS = "$(SRCROOT)/../shared/common/build/xcode-frameworks/$(CONFIGURATION)/$(SDK_NAME)";
				GCC_C_LANGUAGE_STANDARD = gnu11;
				GCC_NO_COMMON_BLOCKS = YES;
				GCC_WARN_64_TO_32_BIT_CONVERSION = YES;
				GCC_WARN_ABOUT_RETURN_TYPE = YES_ERROR;
				GCC_WARN_UNDECLARED_SELECTOR = YES;
				GCC_WARN_UNINITIALIZED_AUTOS = YES_AGGRESSIVE;
				GCC_WARN_UNUSED_FUNCTION = YES;
				GCC_WARN_UNUSED_VARIABLE = YES;
				KOTLIN_FRAMEWORK_BUILD_TYPE = Release;
				MTL_ENABLE_DEBUG_INFO = NO;
				MTL_FAST_MATH = YES;
				OTHER_LDFLAGS = (
					"$(inherited)",
					"-framework",
					common,
				);
				SWIFT_COMPILATION_MODE = wholemodule;
				SWIFT_OPTIMIZATION_LEVEL = "-O";
			};
			name = "Release Development";
		};
		A73BCB7F28AD0860003AB2DC /* Debug Development */ = {
			isa = XCBuildConfiguration;
			buildSettings = {
				ASSETCATALOG_COMPILER_APPICON_NAME = AppIcon;
				ASSETCATALOG_COMPILER_GLOBAL_ACCENT_COLOR_NAME = AccentColor;
				CODE_SIGN_STYLE = Automatic;
				CURRENT_PROJECT_VERSION = 1;
				DEVELOPMENT_TEAM = Y4FKV2B9CL;
				ENABLE_PREVIEWS = YES;
				GENERATE_INFOPLIST_FILE = YES;
				INFOPLIST_FILE = "GPlay--iOS--Info.plist";
				INFOPLIST_KEY_CFBundleDisplayName = GPlay;
				INFOPLIST_KEY_UIApplicationSceneManifest_Generation = YES;
				INFOPLIST_KEY_UIApplicationSupportsIndirectInputEvents = YES;
				INFOPLIST_KEY_UILaunchScreen_Generation = YES;
				INFOPLIST_KEY_UISupportedInterfaceOrientations_iPad = "UIInterfaceOrientationPortrait UIInterfaceOrientationPortraitUpsideDown UIInterfaceOrientationLandscapeLeft UIInterfaceOrientationLandscapeRight";
				INFOPLIST_KEY_UISupportedInterfaceOrientations_iPhone = "UIInterfaceOrientationPortrait UIInterfaceOrientationLandscapeLeft UIInterfaceOrientationLandscapeRight";
				IPHONEOS_DEPLOYMENT_TARGET = 15.5;
				LD_RUNPATH_SEARCH_PATHS = (
					"$(inherited)",
					"@executable_path/Frameworks",
				);
				MARKETING_VERSION = "1.0.0-alpha01";
				PRODUCT_BUNDLE_IDENTIFIER = com.gplay.app;
				PRODUCT_NAME = GPlay;
				SDKROOT = iphoneos;
				SWIFT_EMIT_LOC_STRINGS = YES;
				SWIFT_VERSION = 5.0;
				TARGETED_DEVICE_FAMILY = "1,2";
			};
			name = "Debug Development";
		};
		A73BCB8028AD0860003AB2DC /* Release Development */ = {
			isa = XCBuildConfiguration;
			buildSettings = {
				ASSETCATALOG_COMPILER_APPICON_NAME = AppIcon;
				ASSETCATALOG_COMPILER_GLOBAL_ACCENT_COLOR_NAME = AccentColor;
				CODE_SIGN_STYLE = Automatic;
				CURRENT_PROJECT_VERSION = 1;
				DEVELOPMENT_TEAM = Y4FKV2B9CL;
				ENABLE_PREVIEWS = YES;
				GENERATE_INFOPLIST_FILE = YES;
				INFOPLIST_FILE = "GPlay--iOS--Info.plist";
				INFOPLIST_KEY_CFBundleDisplayName = GPlay;
				INFOPLIST_KEY_UIApplicationSceneManifest_Generation = YES;
				INFOPLIST_KEY_UIApplicationSupportsIndirectInputEvents = YES;
				INFOPLIST_KEY_UILaunchScreen_Generation = YES;
				INFOPLIST_KEY_UISupportedInterfaceOrientations_iPad = "UIInterfaceOrientationPortrait UIInterfaceOrientationPortraitUpsideDown UIInterfaceOrientationLandscapeLeft UIInterfaceOrientationLandscapeRight";
				INFOPLIST_KEY_UISupportedInterfaceOrientations_iPhone = "UIInterfaceOrientationPortrait UIInterfaceOrientationLandscapeLeft UIInterfaceOrientationLandscapeRight";
				IPHONEOS_DEPLOYMENT_TARGET = 15.5;
				LD_RUNPATH_SEARCH_PATHS = (
					"$(inherited)",
					"@executable_path/Frameworks",
				);
				MARKETING_VERSION = "1.0.0-alpha01";
				PRODUCT_BUNDLE_IDENTIFIER = com.gplay.app;
				PRODUCT_NAME = GPlay;
				SDKROOT = iphoneos;
				SWIFT_EMIT_LOC_STRINGS = YES;
				SWIFT_VERSION = 5.0;
				TARGETED_DEVICE_FAMILY = "1,2";
				VALIDATE_PRODUCT = YES;
			};
			name = "Release Development";
		};
		A73BCB8228AD0860003AB2DC /* Debug Development */ = {
			isa = XCBuildConfiguration;
			buildSettings = {
				ASSETCATALOG_COMPILER_APPICON_NAME = AppIcon;
				ASSETCATALOG_COMPILER_GLOBAL_ACCENT_COLOR_NAME = AccentColor;
				CODE_SIGN_ENTITLEMENTS = macOS/macOS.entitlements;
				CODE_SIGN_STYLE = Automatic;
				COMBINE_HIDPI_IMAGES = YES;
				CURRENT_PROJECT_VERSION = 1;
				DEVELOPMENT_TEAM = Y4FKV2B9CL;
				ENABLE_HARDENED_RUNTIME = YES;
				ENABLE_PREVIEWS = YES;
				GENERATE_INFOPLIST_FILE = YES;
				INFOPLIST_FILE = "GPlay--macOS--Info.plist";
				INFOPLIST_KEY_NSHumanReadableCopyright = "";
				LD_RUNPATH_SEARCH_PATHS = (
					"$(inherited)",
					"@executable_path/../Frameworks",
				);
				MACOSX_DEPLOYMENT_TARGET = 12.3;
				MARKETING_VERSION = "1.0.0-alpha01";
				PRODUCT_BUNDLE_IDENTIFIER = com.gplay.app;
				PRODUCT_NAME = GPlay;
				SDKROOT = macosx;
				SWIFT_EMIT_LOC_STRINGS = YES;
				SWIFT_VERSION = 5.0;
			};
			name = "Debug Development";
		};
		A73BCB8328AD0860003AB2DC /* Release Development */ = {
			isa = XCBuildConfiguration;
			buildSettings = {
				ASSETCATALOG_COMPILER_APPICON_NAME = AppIcon;
				ASSETCATALOG_COMPILER_GLOBAL_ACCENT_COLOR_NAME = AccentColor;
				CODE_SIGN_ENTITLEMENTS = macOS/macOS.entitlements;
				CODE_SIGN_STYLE = Automatic;
				COMBINE_HIDPI_IMAGES = YES;
				CURRENT_PROJECT_VERSION = 1;
				DEVELOPMENT_TEAM = Y4FKV2B9CL;
				ENABLE_HARDENED_RUNTIME = YES;
				ENABLE_PREVIEWS = YES;
				GENERATE_INFOPLIST_FILE = YES;
				INFOPLIST_FILE = "GPlay--macOS--Info.plist";
				INFOPLIST_KEY_NSHumanReadableCopyright = "";
				LD_RUNPATH_SEARCH_PATHS = (
					"$(inherited)",
					"@executable_path/../Frameworks",
				);
				MACOSX_DEPLOYMENT_TARGET = 12.3;
				MARKETING_VERSION = "1.0.0-alpha01";
				PRODUCT_BUNDLE_IDENTIFIER = com.gplay.app;
				PRODUCT_NAME = GPlay;
				SDKROOT = macosx;
				SWIFT_EMIT_LOC_STRINGS = YES;
				SWIFT_VERSION = 5.0;
			};
			name = "Release Development";
		};
		A73BCB8528AD0860003AB2DC /* Debug Development */ = {
			isa = XCBuildConfiguration;
			buildSettings = {
				ALWAYS_EMBED_SWIFT_STANDARD_LIBRARIES = YES;
				CODE_SIGN_STYLE = Automatic;
				CURRENT_PROJECT_VERSION = 1;
				DEVELOPMENT_TEAM = Y4FKV2B9CL;
				GENERATE_INFOPLIST_FILE = YES;
				IPHONEOS_DEPLOYMENT_TARGET = 15.5;
				MARKETING_VERSION = 1.0;
				PRODUCT_BUNDLE_IDENTIFIER = "com.gplay.Tests-iOS";
				PRODUCT_NAME = "$(TARGET_NAME)";
				SDKROOT = iphoneos;
				SWIFT_EMIT_LOC_STRINGS = NO;
				SWIFT_VERSION = 5.0;
				TARGETED_DEVICE_FAMILY = "1,2";
				TEST_TARGET_NAME = "GPlay (iOS)";
			};
			name = "Debug Development";
		};
		A73BCB8628AD0860003AB2DC /* Release Development */ = {
			isa = XCBuildConfiguration;
			buildSettings = {
				ALWAYS_EMBED_SWIFT_STANDARD_LIBRARIES = YES;
				CODE_SIGN_STYLE = Automatic;
				CURRENT_PROJECT_VERSION = 1;
				DEVELOPMENT_TEAM = Y4FKV2B9CL;
				GENERATE_INFOPLIST_FILE = YES;
				IPHONEOS_DEPLOYMENT_TARGET = 15.5;
				MARKETING_VERSION = 1.0;
				PRODUCT_BUNDLE_IDENTIFIER = "com.gplay.Tests-iOS";
				PRODUCT_NAME = "$(TARGET_NAME)";
				SDKROOT = iphoneos;
				SWIFT_EMIT_LOC_STRINGS = NO;
				SWIFT_VERSION = 5.0;
				TARGETED_DEVICE_FAMILY = "1,2";
				TEST_TARGET_NAME = "GPlay (iOS)";
				VALIDATE_PRODUCT = YES;
			};
			name = "Release Development";
		};
		A73BCB8828AD0860003AB2DC /* Debug Development */ = {
			isa = XCBuildConfiguration;
			buildSettings = {
				ALWAYS_EMBED_SWIFT_STANDARD_LIBRARIES = YES;
				CODE_SIGN_STYLE = Automatic;
				CURRENT_PROJECT_VERSION = 1;
				DEVELOPMENT_TEAM = Y4FKV2B9CL;
				GENERATE_INFOPLIST_FILE = YES;
				MACOSX_DEPLOYMENT_TARGET = 12.3;
				MARKETING_VERSION = 1.0;
				PRODUCT_BUNDLE_IDENTIFIER = "com.gplay.Tests-macOS";
				PRODUCT_NAME = "$(TARGET_NAME)";
				SDKROOT = macosx;
				SWIFT_EMIT_LOC_STRINGS = NO;
				SWIFT_VERSION = 5.0;
				TEST_TARGET_NAME = "GPlay (macOS)";
			};
			name = "Debug Development";
		};
		A73BCB8928AD0860003AB2DC /* Release Development */ = {
			isa = XCBuildConfiguration;
			buildSettings = {
				ALWAYS_EMBED_SWIFT_STANDARD_LIBRARIES = YES;
				CODE_SIGN_STYLE = Automatic;
				CURRENT_PROJECT_VERSION = 1;
				DEVELOPMENT_TEAM = Y4FKV2B9CL;
				GENERATE_INFOPLIST_FILE = YES;
				MACOSX_DEPLOYMENT_TARGET = 12.3;
				MARKETING_VERSION = 1.0;
				PRODUCT_BUNDLE_IDENTIFIER = "com.gplay.Tests-macOS";
				PRODUCT_NAME = "$(TARGET_NAME)";
				SDKROOT = macosx;
				SWIFT_EMIT_LOC_STRINGS = NO;
				SWIFT_VERSION = 5.0;
				TEST_TARGET_NAME = "GPlay (macOS)";
			};
			name = "Release Development";
		};
/* End XCBuildConfiguration section */

/* Begin XCConfigurationList section */
		A73BCB4C28AD085F003AB2DC /* Build configuration list for PBXProject "GPlay" */ = {
			isa = XCConfigurationList;
			buildConfigurations = (
				A73BCB7C28AD0860003AB2DC /* Debug Development */,
				A714A13D28ADEA7C009040A3 /* Debug Mock */,
				A73BCB7D28AD0860003AB2DC /* Release Development */,
				A714A14228ADEA83009040A3 /* Release Mock */,
			);
			defaultConfigurationIsVisible = 0;
			defaultConfigurationName = "Release Development";
		};
		A73BCB7E28AD0860003AB2DC /* Build configuration list for PBXNativeTarget "GPlay (iOS)" */ = {
			isa = XCConfigurationList;
			buildConfigurations = (
				A73BCB7F28AD0860003AB2DC /* Debug Development */,
				A714A13E28ADEA7C009040A3 /* Debug Mock */,
				A73BCB8028AD0860003AB2DC /* Release Development */,
				A714A14328ADEA83009040A3 /* Release Mock */,
			);
			defaultConfigurationIsVisible = 0;
			defaultConfigurationName = "Release Development";
		};
		A73BCB8128AD0860003AB2DC /* Build configuration list for PBXNativeTarget "GPlay (macOS)" */ = {
			isa = XCConfigurationList;
			buildConfigurations = (
				A73BCB8228AD0860003AB2DC /* Debug Development */,
				A714A13F28ADEA7C009040A3 /* Debug Mock */,
				A73BCB8328AD0860003AB2DC /* Release Development */,
				A714A14428ADEA83009040A3 /* Release Mock */,
			);
			defaultConfigurationIsVisible = 0;
			defaultConfigurationName = "Release Development";
		};
		A73BCB8428AD0860003AB2DC /* Build configuration list for PBXNativeTarget "Tests iOS" */ = {
			isa = XCConfigurationList;
			buildConfigurations = (
				A73BCB8528AD0860003AB2DC /* Debug Development */,
				A714A14028ADEA7C009040A3 /* Debug Mock */,
				A73BCB8628AD0860003AB2DC /* Release Development */,
				A714A14528ADEA83009040A3 /* Release Mock */,
			);
			defaultConfigurationIsVisible = 0;
			defaultConfigurationName = "Release Development";
		};
		A73BCB8728AD0860003AB2DC /* Build configuration list for PBXNativeTarget "Tests macOS" */ = {
			isa = XCConfigurationList;
			buildConfigurations = (
				A73BCB8828AD0860003AB2DC /* Debug Development */,
				A714A14128ADEA7C009040A3 /* Debug Mock */,
				A73BCB8928AD0860003AB2DC /* Release Development */,
				A714A14628ADEA83009040A3 /* Release Mock */,
			);
			defaultConfigurationIsVisible = 0;
			defaultConfigurationName = "Release Development";
		};
/* End XCConfigurationList section */

/* Begin XCRemoteSwiftPackageReference section */
		A76142F928B6665F001A3E20 /* XCRemoteSwiftPackageReference "KMP-NativeCoroutines" */ = {
			isa = XCRemoteSwiftPackageReference;
			repositoryURL = "https://github.com/rickclephas/KMP-NativeCoroutines.git";
			requirement = {
				kind = upToNextMajorVersion;
				minimumVersion = 0.12.6;
			};
		};
		A77B017928B2BF4C00A32221 /* XCRemoteSwiftPackageReference "lottie-ios" */ = {
			isa = XCRemoteSwiftPackageReference;
			repositoryURL = "https://github.com/airbnb/lottie-ios.git";
			requirement = {
				kind = upToNextMajorVersion;
				minimumVersion = 3.0.0;
			};
		};
		A7C4E64B28B3EF4E00CB35AD /* XCRemoteSwiftPackageReference "FlowStacks" */ = {
			isa = XCRemoteSwiftPackageReference;
			repositoryURL = "https://github.com/johnpatrickmorgan/FlowStacks";
			requirement = {
				kind = upToNextMajorVersion;
				minimumVersion = 0.2.4;
			};
		};
/* End XCRemoteSwiftPackageReference section */

/* Begin XCSwiftPackageProductDependency section */
		A76142FA28B6665F001A3E20 /* KMPNativeCoroutinesAsync */ = {
			isa = XCSwiftPackageProductDependency;
			package = A76142F928B6665F001A3E20 /* XCRemoteSwiftPackageReference "KMP-NativeCoroutines" */;
			productName = KMPNativeCoroutinesAsync;
		};
		A77B017A28B2BF4C00A32221 /* Lottie */ = {
			isa = XCSwiftPackageProductDependency;
			package = A77B017928B2BF4C00A32221 /* XCRemoteSwiftPackageReference "lottie-ios" */;
			productName = Lottie;
		};
		A7C4E64C28B3EF4E00CB35AD /* FlowStacks */ = {
			isa = XCSwiftPackageProductDependency;
			package = A7C4E64B28B3EF4E00CB35AD /* XCRemoteSwiftPackageReference "FlowStacks" */;
			productName = FlowStacks;
		};
/* End XCSwiftPackageProductDependency section */
	};
	rootObject = A73BCB4928AD085F003AB2DC /* Project object */;
}
