{
  "pins" : [
    {
      "identity" : "flowstacks",
      "kind" : "remoteSourceControl",
      "location" : "https://github.com/johnpatrickmorgan/FlowStacks",
      "state" : {
        "revision" : "e1fafdaef17cf86e4579e99e37f9f98f352ba8d2",
        "version" : "0.2.4"
      }
    },
    {
      "identity" : "lottie-ios",
      "kind" : "remoteSourceControl",
      "location" : "https://github.com/airbnb/lottie-ios.git",
      "state" : {
        "revision" : "4ca8023b820b7d5d5ae1e2637c046e3dab0f45d0",
        "version" : "3.4.2"
      }
    }
  ],
  "version" : 2
}
